
Microsoft Visual Studio Solution File, Format Version 12.00
# Visual Studio 15
VisualStudioVersion = 15.0.27130.2003
MinimumVisualStudioVersion = 10.0.40219.1
Project("{FAE04EC0-301F-11D3-BF4B-00C04F79EFBC}") = "MonitorBoletos.Business", "MonitorBoletos.Business\MonitorBoletos.Business.csproj", "{5F2B6B6D-3CE5-4C2C-B61B-FB82D200EF0F}"
EndProject
Project("{FAE04EC0-301F-11D3-BF4B-00C04F79EFBC}") = "MonitorBoletos.DAO", "MonitorBoletos.DAO\MonitorBoletos.DAO.csproj", "{E6E6458C-354B-4690-9FE1-6CDFA30ABB30}"
EndProject
Project("{FAE04EC0-301F-11D3-BF4B-00C04F79EFBC}") = "MonitorBoletos.Model", "MonitorBoletos.Model\MonitorBoletos.Model.csproj", "{330E0318-5726-4ED0-B22E-E3BFCFF0702E}"
EndProject
Project("{2150E333-8FDC-42A3-9474-1A3956D46DE8}") = "Core", "Core", "{1910FAAB-8D39-4947-8C14-571DC1B2D80F}"
EndProject
Project("{FAE04EC0-301F-11D3-BF4B-00C04F79EFBC}") = "MonitorBoletos.DesktopView", "MonitorBoletos.DesktopView\MonitorBoletos.DesktopView.csproj", "{ED2405F1-8101-49CA-A488-69B61D3F7A89}"
EndProject
Project("{2150E333-8FDC-42A3-9474-1A3956D46DE8}") = "Client", "Client", "{2C2F184E-394E-4424-ABD7-F4B90E1BBC43}"
EndProject
Global
	GlobalSection(SolutionConfigurationPlatforms) = preSolution
		Debug|Any CPU = Debug|Any CPU
		Release|Any CPU = Release|Any CPU
	EndGlobalSection
	GlobalSection(ProjectConfigurationPlatforms) = postSolution
		{5F2B6B6D-3CE5-4C2C-B61B-FB82D200EF0F}.Debug|Any CPU.ActiveCfg = Debug|Any CPU
		{5F2B6B6D-3CE5-4C2C-B61B-FB82D200EF0F}.Debug|Any CPU.Build.0 = Debug|Any CPU
		{5F2B6B6D-3CE5-4C2C-B61B-FB82D200EF0F}.Release|Any CPU.ActiveCfg = Release|Any CPU
		{5F2B6B6D-3CE5-4C2C-B61B-FB82D200EF0F}.Release|Any CPU.Build.0 = Release|Any CPU
		{E6E6458C-354B-4690-9FE1-6CDFA30ABB30}.Debug|Any CPU.ActiveCfg = Debug|Any CPU
		{E6E6458C-354B-4690-9FE1-6CDFA30ABB30}.Debug|Any CPU.Build.0 = Debug|Any CPU
		{E6E6458C-354B-4690-9FE1-6CDFA30ABB30}.Release|Any CPU.ActiveCfg = Release|Any CPU
		{E6E6458C-354B-4690-9FE1-6CDFA30ABB30}.Release|Any CPU.Build.0 = Release|Any CPU
		{330E0318-5726-4ED0-B22E-E3BFCFF0702E}.Debug|Any CPU.ActiveCfg = Debug|Any CPU
		{330E0318-5726-4ED0-B22E-E3BFCFF0702E}.Debug|Any CPU.Build.0 = Debug|Any CPU
		{330E0318-5726-4ED0-B22E-E3BFCFF0702E}.Release|Any CPU.ActiveCfg = Release|Any CPU
		{330E0318-5726-4ED0-B22E-E3BFCFF0702E}.Release|Any CPU.Build.0 = Release|Any CPU
		{ED2405F1-8101-49CA-A488-69B61D3F7A89}.Debug|Any CPU.ActiveCfg = Debug|Any CPU
		{ED2405F1-8101-49CA-A488-69B61D3F7A89}.Debug|Any CPU.Build.0 = Debug|Any CPU
		{ED2405F1-8101-49CA-A488-69B61D3F7A89}.Release|Any CPU.ActiveCfg = Release|Any CPU
		{ED2405F1-8101-49CA-A488-69B61D3F7A89}.Release|Any CPU.Build.0 = Release|Any CPU
	EndGlobalSection
	GlobalSection(SolutionProperties) = preSolution
		HideSolutionNode = FALSE
	EndGlobalSection
	GlobalSection(NestedProjects) = preSolution
		{5F2B6B6D-3CE5-4C2C-B61B-FB82D200EF0F} = {1910FAAB-8D39-4947-8C14-571DC1B2D80F}
		{E6E6458C-354B-4690-9FE1-6CDFA30ABB30} = {1910FAAB-8D39-4947-8C14-571DC1B2D80F}
		{330E0318-5726-4ED0-B22E-E3BFCFF0702E} = {1910FAAB-8D39-4947-8C14-571DC1B2D80F}
		{ED2405F1-8101-49CA-A488-69B61D3F7A89} = {2C2F184E-394E-4424-ABD7-F4B90E1BBC43}
	EndGlobalSection
	GlobalSection(ExtensibilityGlobals) = postSolution
		SolutionGuid = {B27302AC-C8D4-462E-A769-776E923B90C1}
	EndGlobalSection
EndGlobal
